{
  "name": "tempermonkey-scripts",
  "version": "1.0.0",
  "lockfileVersion": 2,
  "requires": true,
  "packages": {
    "": {
      "name": "tempermonkey-scripts",
      "version": "1.0.0",
      "license": "ISC",
      "devDependencies": {
        "@types/tampermonkey": "^5.0.2",
        "@types/web": "^0.0.143",
        "typescript": "^5.4.5"
      }
    },
    "node_modules/@types/tampermonkey": {
      "version": "5.0.2",
      "resolved": "https://registry.npmjs.org/@types/tampermonkey/-/tampermonkey-5.0.2.tgz",
      "integrity": "sha512-keKnYemqWts68wO2+TBdEg84iQd5vymK5SEQGxitI9uOfOnjm/ZskBoK9ZH3mnSYp79HidZMA/Y7ODQtiA/VIg==",
      "dev": true
    },
    "node_modules/@types/web": {
      "version": "0.0.143",
      "resolved": "https://registry.npmjs.org/@types/web/-/web-0.0.143.tgz",
      "integrity": "sha512-TazK16/OqeeqfQRB/Tv/NwzJagHbLi/w5g26FLbiFte/8LpPq6BuTyXHO/cpgwJpE6KGgFSNYb6Ap05Tz9XvCA==",
      "dev": true
    },
    "node_modules/typescript": {
      "version": "5.4.5",
      "resolved": "https://registry.npmjs.org/typescript/-/typescript-5.4.5.tgz",
      "integrity": "sha512-vcI4UpRgg81oIRUFwR0WSIHKt11nJ7SAVlYNIu+QpqeyXP+gpQJy/Z4+F0aGxSE4MqwjyXvW/TzgkLAx2AGHwQ==",
      "dev": true,
      "bin": {
        "tsc": "bin/tsc",
        "tsserver": "bin/tsserver"
      },
      "engines": {
        "node": ">=14.17"
      }
    }
  },
  "dependencies": {
    "@types/tampermonkey": {
      "version": "5.0.2",
      "resolved": "https://registry.npmjs.org/@types/tampermonkey/-/tampermonkey-5.0.2.tgz",
      "integrity": "sha512-keKnYemqWts68wO2+TBdEg84iQd5vymK5SEQGxitI9uOfOnjm/ZskBoK9ZH3mnSYp79HidZMA/Y7ODQtiA/VIg==",
      "dev": true
    },
    "@types/web": {
      "version": "0.0.143",
      "resolved": "https://registry.npmjs.org/@types/web/-/web-0.0.143.tgz",
      "integrity": "sha512-TazK16/OqeeqfQRB/Tv/NwzJagHbLi/w5g26FLbiFte/8LpPq6BuTyXHO/cpgwJpE6KGgFSNYb6Ap05Tz9XvCA==",
      "dev": true
    },
    "typescript": {
      "version": "5.4.5",
      "resolved": "https://registry.npmjs.org/typescript/-/typescript-5.4.5.tgz",
      "integrity": "sha512-vcI4UpRgg81oIRUFwR0WSIHKt11nJ7SAVlYNIu+QpqeyXP+gpQJy/Z4+F0aGxSE4MqwjyXvW/TzgkLAx2AGHwQ==",
      "dev": true
    }
  }
}
